
Microsoft Visual Studio Solution File, Format Version 12.00
# Visual Studio Version 16
VisualStudioVersion = 16.0.30503.244
MinimumVisualStudioVersion = 10.0.40219.1
Project("{9A19103F-16F7-4668-BE54-9A1E7A4F7556}") = "BooksApi", "BooksApi.csproj", "{5C8F0901-1C4F-4CB6-B374-E5CBFAF92155}"
EndProject
Global
	GlobalSection(SolutionConfigurationPlatforms) = preSolution
		Debug|Any CPU = Debug|Any CPU
		Release|Any CPU = Release|Any CPU
	EndGlobalSection
	GlobalSection(ProjectConfigurationPlatforms) = postSolution
		{5C8F0901-1C4F-4CB6-B374-E5CBFAF92155}.Debug|Any CPU.ActiveCfg = Debug|Any CPU
		{5C8F0901-1C4F-4CB6-B374-E5CBFAF92155}.Debug|Any CPU.Build.0 = Debug|Any CPU
		{5C8F0901-1C4F-4CB6-B374-E5CBFAF92155}.Release|Any CPU.ActiveCfg = Release|Any CPU
		{5C8F0901-1C4F-4CB6-B374-E5CBFAF92155}.Release|Any CPU.Build.0 = Release|Any CPU
	EndGlobalSection
	GlobalSection(SolutionProperties) = preSolution
		HideSolutionNode = FALSE
	EndGlobalSection
	GlobalSection(ExtensibilityGlobals) = postSolution
		SolutionGuid = {8163A15A-598A-48AB-B877-5F10B5D1FFFE}
	EndGlobalSection
EndGlobal
